
Microsoft Visual Studio Solution File, Format Version 12.00
# Visual Studio 15
Project("{FAE04EC0-301F-11D3-BF4B-00C04F79EFBC}") = "FindMyMacPrinter", "FindMyMacPrinter\FindMyMacPrinter.csproj", "{DB587301-E301-4AEF-8B19-DC45D80B0443}"
EndProject
Global
	GlobalSection(SolutionConfigurationPlatforms) = preSolution
		Debug|anycpu = Debug|anycpu
		Release|anycpu = Release|anycpu
	EndGlobalSection
	GlobalSection(ProjectConfigurationPlatforms) = postSolution
		{DB587301-E301-4AEF-8B19-DC45D80B0443}.Debug|anycpu.ActiveCfg = Debug|anycpu
		{DB587301-E301-4AEF-8B19-DC45D80B0443}.Debug|anycpu.Build.0 = Debug|anycpu
		{DB587301-E301-4AEF-8B19-DC45D80B0443}.Release|anycpu.ActiveCfg = Release|anycpu
		{DB587301-E301-4AEF-8B19-DC45D80B0443}.Release|anycpu.Build.0 = Release|anycpu
	EndGlobalSection
EndGlobal
